
Microsoft Visual Studio Solution File, Format Version 12.00
# Visual Studio 14
VisualStudioVersion = 14.0.25420.1
MinimumVisualStudioVersion = 10.0.40219.1
Project("{FAE04EC0-301F-11D3-BF4B-00C04F79EFBC}") = "XCommon", "XCommon\XCommon.csproj", "{78E9BE3D-7D1D-46E9-8ECA-B3DFEAED8568}"
EndProject
Project("{FAE04EC0-301F-11D3-BF4B-00C04F79EFBC}") = "XCommon.TestProject", "Test\XCommon.TestProject.csproj", "{A6CE5B43-F8BC-4E1A-A08C-A7BE579392DE}"
EndProject
Global
	GlobalSection(SolutionConfigurationPlatforms) = preSolution
		Debug|Any CPU = Debug|Any CPU
		Release|Any CPU = Release|Any CPU
	EndGlobalSection
	GlobalSection(ProjectConfigurationPlatforms) = postSolution
		{78E9BE3D-7D1D-46E9-8ECA-B3DFEAED8568}.Debug|Any CPU.ActiveCfg = Debug|Any CPU
		{78E9BE3D-7D1D-46E9-8ECA-B3DFEAED8568}.Debug|Any CPU.Build.0 = Debug|Any CPU
		{78E9BE3D-7D1D-46E9-8ECA-B3DFEAED8568}.Release|Any CPU.ActiveCfg = Release|Any CPU
		{78E9BE3D-7D1D-46E9-8ECA-B3DFEAED8568}.Release|Any CPU.Build.0 = Release|Any CPU
		{A6CE5B43-F8BC-4E1A-A08C-A7BE579392DE}.Debug|Any CPU.ActiveCfg = Debug|Any CPU
		{A6CE5B43-F8BC-4E1A-A08C-A7BE579392DE}.Debug|Any CPU.Build.0 = Debug|Any CPU
		{A6CE5B43-F8BC-4E1A-A08C-A7BE579392DE}.Release|Any CPU.ActiveCfg = Release|Any CPU
		{A6CE5B43-F8BC-4E1A-A08C-A7BE579392DE}.Release|Any CPU.Build.0 = Release|Any CPU
	EndGlobalSection
	GlobalSection(SolutionProperties) = preSolution
		HideSolutionNode = FALSE
	EndGlobalSection
EndGlobal
